
Microsoft Visual Studio Solution File, Format Version 12.00
# Visual Studio Version 17
VisualStudioVersion = 17.14.36119.2 d17.14
MinimumVisualStudioVersion = 10.0.40219.1
Project("{FAE04EC0-301F-11D3-BF4B-00C04F79EFBC}") = "AppSpese", "AppSpese\AppSpese.csproj", "{AEDED15E-0035-4BB5-BECB-949C29D220EC}"
EndProject
Global
	GlobalSection(SolutionConfigurationPlatforms) = preSolution
		Debug|Any CPU = Debug|Any CPU
		Release|Any CPU = Release|Any CPU
	EndGlobalSection
	GlobalSection(ProjectConfigurationPlatforms) = postSolution
		{AEDED15E-0035-4BB5-BECB-949C29D220EC}.Debug|Any CPU.ActiveCfg = Debug|Any CPU
		{AEDED15E-0035-4BB5-BECB-949C29D220EC}.Debug|Any CPU.Build.0 = Debug|Any CPU
		{AEDED15E-0035-4BB5-BECB-949C29D220EC}.Debug|Any CPU.Deploy.0 = Debug|Any CPU
		{AEDED15E-0035-4BB5-BECB-949C29D220EC}.Release|Any CPU.ActiveCfg = Release|Any CPU
		{AEDED15E-0035-4BB5-BECB-949C29D220EC}.Release|Any CPU.Build.0 = Release|Any CPU
		{AEDED15E-0035-4BB5-BECB-949C29D220EC}.Release|Any CPU.Deploy.0 = Release|Any CPU
	EndGlobalSection
	GlobalSection(SolutionProperties) = preSolution
		HideSolutionNode = FALSE
	EndGlobalSection
	GlobalSection(ExtensibilityGlobals) = postSolution
		SolutionGuid = {26D306F9-8ABA-4CA6-A28B-7DEDE0AA6F2A}
	EndGlobalSection
EndGlobal
